{
  "name": "capacitor-get-latest-photo",
  "version": "0.0.5",
  "lockfileVersion": 1,
  "requires": true,
  "dependencies": {
    "@capacitor/core": {
      "version": "1.0.0-alpha.7",
      "resolved": "https://registry.npmjs.org/@capacitor/core/-/core-1.0.0-alpha.7.tgz",
      "integrity": "sha512-uAdaS8tdexos3h/dCcdPzMVoBVSZxUx5KRcs6S1gajao5q2ZVFnbx9xZhY+SK8VPCBcZD0i1lL9MWXs1dVM4YQ=="
    },
    "typescript": {
      "version": "2.7.2",
      "resolved": "https://registry.npmjs.org/typescript/-/typescript-2.7.2.tgz",
      "integrity": "sha512-p5TCYZDAO0m4G344hD+wx/LATebLWZNkkh2asWUFqSsD2OrDNhbAHuSjobrmsUmdzjJjEeZVU9g1h3O6vpstnw==",
      "dev": true
    }
  }
}
